
Microsoft Visual Studio Solution File, Format Version 12.00
# Visual Studio Version 16
VisualStudioVersion = 16.0.31613.86
MinimumVisualStudioVersion = 10.0.40219.1
Project("{FAE04EC0-301F-11D3-BF4B-00C04F79EFBC}") = "Logica", "Logica\Logica.csproj", "{FCC9B718-699B-4668-870F-BCE4C3941C44}"
EndProject
Global
	GlobalSection(SolutionConfigurationPlatforms) = preSolution
		Debug|Any CPU = Debug|Any CPU
		Release|Any CPU = Release|Any CPU
	EndGlobalSection
	GlobalSection(ProjectConfigurationPlatforms) = postSolution
		{FCC9B718-699B-4668-870F-BCE4C3941C44}.Debug|Any CPU.ActiveCfg = Debug|Any CPU
		{FCC9B718-699B-4668-870F-BCE4C3941C44}.Debug|Any CPU.Build.0 = Debug|Any CPU
		{FCC9B718-699B-4668-870F-BCE4C3941C44}.Release|Any CPU.ActiveCfg = Release|Any CPU
		{FCC9B718-699B-4668-870F-BCE4C3941C44}.Release|Any CPU.Build.0 = Release|Any CPU
	EndGlobalSection
	GlobalSection(SolutionProperties) = preSolution
		HideSolutionNode = FALSE
	EndGlobalSection
	GlobalSection(ExtensibilityGlobals) = postSolution
		SolutionGuid = {A47CD101-C8EE-475E-8571-5B06760C2777}
	EndGlobalSection
EndGlobal
